{
  "name": "lerna_tester",
  "version": "1.0.0",
  "lockfileVersion": 1,
  "requires": true,
  "dependencies": {
    "mohaimin_lerna_demo": {
      "version": "0.0.1",
      "resolved": "https://registry.npmjs.org/mohaimin_lerna_demo/-/mohaimin_lerna_demo-0.0.1.tgz",
      "integrity": "sha512-mhQ1eW50pd6mLa6K0eZMbfTFz8ckR/yqpCSGPXxsZnbP8W15eoRUGAtRbzR5h0UHBi9VIPaI7FksUOfWCdFUQQ=="
    }
  }
}
